{
    "_meta": {
        "hash": {
            "sha256": "9acaeb17d7d714e72976fc11c7b7c52f2c484e9ec2ca4e906dd9b60c680a2eda"
        },
        "pipfile-spec": 6,
        "requires": {
            "python_version": "3.8"
        },
        "sources": [
            {
                "name": "pypi",
                "url": "https://pypi.org/simple",
                "verify_ssl": true
            }
        ]
    },
    "default": {
        "asgiref": {
            "hashes": [
                "sha256:2f8abc20f7248433085eda803936d98992f1343ddb022065779f37c5da0181d0",
                "sha256:88d59c13d634dcffe0510be048210188edd79aeccb6a6c9028cdad6f31d730a9"
            ],
            "markers": "python_version >= '3.7'",
            "version": "==3.5.0"
        },
        "backports.zoneinfo": {
            "hashes": [
                "sha256:17746bd546106fa389c51dbea67c8b7c8f0d14b5526a579ca6ccf5ed72c526cf",
                "sha256:1b13e654a55cd45672cb54ed12148cd33628f672548f373963b0bff67b217328",
                "sha256:1c5742112073a563c81f786e77514969acb58649bcdf6cdf0b4ed31a348d4546",
                "sha256:4a0f800587060bf8880f954dbef70de6c11bbe59c673c3d818921f042f9954a6",
                "sha256:5c144945a7752ca544b4b78c8c41544cdfaf9786f25fe5ffb10e838e19a27570",
                "sha256:7b0a64cda4145548fed9efc10322770f929b944ce5cee6c0dfe0c87bf4c0c8c9",
                "sha256:8439c030a11780786a2002261569bdf362264f605dfa4d65090b64b05c9f79a7",
                "sha256:8961c0f32cd0336fb8e8ead11a1f8cd99ec07145ec2931122faaac1c8f7fd987",
                "sha256:89a48c0d158a3cc3f654da4c2de1ceba85263fafb861b98b59040a5086259722",
                "sha256:a76b38c52400b762e48131494ba26be363491ac4f9a04c1b7e92483d169f6582",
                "sha256:da6013fd84a690242c310d77ddb8441a559e9cb3d3d59ebac9aca1a57b2e18bc",
                "sha256:e55b384612d93be96506932a786bbcde5a2db7a9e6a4bb4bffe8b733f5b9036b",
                "sha256:e81b76cace8eda1fca50e345242ba977f9be6ae3945af8d46326d776b4cf78d1",
                "sha256:e8236383a20872c0cdf5a62b554b27538db7fa1bbec52429d8d106effbaeca08",
                "sha256:f04e857b59d9d1ccc39ce2da1021d196e47234873820cbeaad210724b1ee28ac",
                "sha256:fadbfe37f74051d024037f223b8e001611eac868b5c5b06144ef4d8b799862f2"
            ],
            "markers": "python_version < '3.9'",
            "version": "==0.2.1"
        },
        "cssselect2": {
            "hashes": [
                "sha256:8d4690bce5f25013262997e64cef3e7bade877d3ef126f9cc624e5b1f294d934",
                "sha256:d98a7bbdd8ebc46093279195d669a3359bd5a23f90c19e82c19d9eeef333e617"
            ],
            "markers": "python_version >= '3.7'",
            "version": "==0.5.0"
        },
        "django": {
            "hashes": [
                "sha256:1239218849e922033a35d2a2f777cb8bee18bd725416744074f455f34ff50d0c",
                "sha256:77ff2e7050e3324c9b67e29b6707754566f58514112a9ac73310f60cd5261930"
            ],
            "index": "pypi",
            "version": "==4.0.3"
        },
        "huey": {
            "hashes": [
                "sha256:4fa2f6055d581778c3bcf93fc8c9ce87aecc2a345d5ff35bd955da152c02ef37"
            ],
            "index": "pypi",
            "version": "==2.4.3"
        },
        "lxml": {
            "hashes": [
                "sha256:078306d19a33920004addeb5f4630781aaeabb6a8d01398045fcde085091a169",
                "sha256:0c1978ff1fd81ed9dcbba4f91cf09faf1f8082c9d72eb122e92294716c605428",
                "sha256:1010042bfcac2b2dc6098260a2ed022968dbdfaf285fc65a3acf8e4eb1ffd1bc",
                "sha256:1d650812b52d98679ed6c6b3b55cbb8fe5a5460a0aef29aeb08dc0b44577df85",
                "sha256:20b8a746a026017acf07da39fdb10aa80ad9877046c9182442bf80c84a1c4696",
                "sha256:2403a6d6fb61c285969b71f4a3527873fe93fd0abe0832d858a17fe68c8fa507",
                "sha256:24f5c5ae618395ed871b3d8ebfcbb36e3f1091fd847bf54c4de623f9107942f3",
                "sha256:28d1af847786f68bec57961f31221125c29d6f52d9187c01cd34dc14e2b29430",
                "sha256:31499847fc5f73ee17dbe1b8e24c6dafc4e8d5b48803d17d22988976b0171f03",
                "sha256:31ba2cbc64516dcdd6c24418daa7abff989ddf3ba6d3ea6f6ce6f2ed6e754ec9",
                "sha256:330bff92c26d4aee79c5bc4d9967858bdbe73fdbdbacb5daf623a03a914fe05b",
                "sha256:5045ee1ccd45a89c4daec1160217d363fcd23811e26734688007c26f28c9e9e7",
                "sha256:52cbf2ff155b19dc4d4100f7442f6a697938bf4493f8d3b0c51d45568d5666b5",
                "sha256:530f278849031b0eb12f46cca0e5db01cfe5177ab13bd6878c6e739319bae654",
                "sha256:545bd39c9481f2e3f2727c78c169425efbfb3fbba6e7db4f46a80ebb249819ca",
                "sha256:5804e04feb4e61babf3911c2a974a5b86f66ee227cc5006230b00ac6d285b3a9",
                "sha256:5a58d0b12f5053e270510bf12f753a76aaf3d74c453c00942ed7d2c804ca845c",
                "sha256:5f148b0c6133fb928503cfcdfdba395010f997aa44bcf6474fcdd0c5398d9b63",
                "sha256:5f7d7d9afc7b293147e2d506a4596641d60181a35279ef3aa5778d0d9d9123fe",
                "sha256:60d2f60bd5a2a979df28ab309352cdcf8181bda0cca4529769a945f09aba06f9",
                "sha256:6259b511b0f2527e6d55ad87acc1c07b3cbffc3d5e050d7e7bcfa151b8202df9",
                "sha256:6268e27873a3d191849204d00d03f65c0e343b3bcb518a6eaae05677c95621d1",
                "sha256:627e79894770783c129cc5e89b947e52aa26e8e0557c7e205368a809da4b7939",
                "sha256:62f93eac69ec0f4be98d1b96f4d6b964855b8255c345c17ff12c20b93f247b68",
                "sha256:6d6483b1229470e1d8835e52e0ff3c6973b9b97b24cd1c116dca90b57a2cc613",
                "sha256:6f7b82934c08e28a2d537d870293236b1000d94d0b4583825ab9649aef7ddf63",
                "sha256:6fe4ef4402df0250b75ba876c3795510d782def5c1e63890bde02d622570d39e",
                "sha256:719544565c2937c21a6f76d520e6e52b726d132815adb3447ccffbe9f44203c4",
                "sha256:730766072fd5dcb219dd2b95c4c49752a54f00157f322bc6d71f7d2a31fecd79",
                "sha256:74eb65ec61e3c7c019d7169387d1b6ffcfea1b9ec5894d116a9a903636e4a0b1",
                "sha256:7993232bd4044392c47779a3c7e8889fea6883be46281d45a81451acfd704d7e",
                "sha256:80bbaddf2baab7e6de4bc47405e34948e694a9efe0861c61cdc23aa774fcb141",
                "sha256:86545e351e879d0b72b620db6a3b96346921fa87b3d366d6c074e5a9a0b8dadb",
                "sha256:891dc8f522d7059ff0024cd3ae79fd224752676447f9c678f2a5c14b84d9a939",
                "sha256:8a31f24e2a0b6317f33aafbb2f0895c0bce772980ae60c2c640d82caac49628a",
                "sha256:8b99ec73073b37f9ebe8caf399001848fced9c08064effdbfc4da2b5a8d07b93",
                "sha256:986b7a96228c9b4942ec420eff37556c5777bfba6758edcb95421e4a614b57f9",
                "sha256:a1547ff4b8a833511eeaceacbcd17b043214fcdb385148f9c1bc5556ca9623e2",
                "sha256:a2bfc7e2a0601b475477c954bf167dee6d0f55cb167e3f3e7cefad906e7759f6",
                "sha256:a3c5f1a719aa11866ffc530d54ad965063a8cbbecae6515acbd5f0fae8f48eaa",
                "sha256:a9f1c3489736ff8e1c7652e9dc39f80cff820f23624f23d9eab6e122ac99b150",
                "sha256:aa0cf4922da7a3c905d000b35065df6184c0dc1d866dd3b86fd961905bbad2ea",
                "sha256:ad4332a532e2d5acb231a2e5d33f943750091ee435daffca3fec0a53224e7e33",
                "sha256:b2582b238e1658c4061ebe1b4df53c435190d22457642377fd0cb30685cdfb76",
                "sha256:b6fc2e2fb6f532cf48b5fed57567ef286addcef38c28874458a41b7837a57807",
                "sha256:b92d40121dcbd74831b690a75533da703750f7041b4bf951befc657c37e5695a",
                "sha256:bbab6faf6568484707acc052f4dfc3802bdb0cafe079383fbaa23f1cdae9ecd4",
                "sha256:c0b88ed1ae66777a798dc54f627e32d3b81c8009967c63993c450ee4cbcbec15",
                "sha256:ce13d6291a5f47c1c8dbd375baa78551053bc6b5e5c0e9bb8e39c0a8359fd52f",
                "sha256:db3535733f59e5605a88a706824dfcb9bd06725e709ecb017e165fc1d6e7d429",
                "sha256:dd10383f1d6b7edf247d0960a3db274c07e96cf3a3fc7c41c8448f93eac3fb1c",
                "sha256:e01f9531ba5420838c801c21c1b0f45dbc9607cb22ea2cf132844453bec863a5",
                "sha256:e11527dc23d5ef44d76fef11213215c34f36af1608074561fcc561d983aeb870",
                "sha256:e1ab2fac607842ac36864e358c42feb0960ae62c34aa4caaf12ada0a1fb5d99b",
                "sha256:e1fd7d2fe11f1cb63d3336d147c852f6d07de0d0020d704c6031b46a30b02ca8",
                "sha256:e9f84ed9f4d50b74fbc77298ee5c870f67cb7e91dcdc1a6915cb1ff6a317476c",
                "sha256:ec4b4e75fc68da9dc0ed73dcdb431c25c57775383fec325d23a770a64e7ebc87",
                "sha256:f10ce66fcdeb3543df51d423ede7e238be98412232fca5daec3e54bcd16b8da0",
                "sha256:f63f62fc60e6228a4ca9abae28228f35e1bd3ce675013d1dfb828688d50c6e23",
                "sha256:fa56bb08b3dd8eac3a8c5b7d075c94e74f755fd9d8a04543ae8d37b1612dd170",
                "sha256:fa9b7c450be85bfc6cd39f6df8c5b8cbd76b5d6fc1f69efec80203f9894b885f"
            ],
            "markers": "python_version >= '2.7' and python_version not in '3.0, 3.1, 3.2, 3.3, 3.4'",
            "version": "==4.8.0"
        },
        "more-itertools": {
            "hashes": [
                "sha256:43e6dd9942dffd72661a2c4ef383ad7da1e6a3e968a927ad7a6083ab410a688b",
                "sha256:7dc6ad46f05f545f900dd59e8dfb4e84a4827b97b3cfecb175ea0c7d247f6064"
            ],
            "index": "pypi",
            "version": "==8.12.0"
        },
        "pillow": {
            "hashes": [
                "sha256:011233e0c42a4a7836498e98c1acf5e744c96a67dd5032a6f666cc1fb97eab97",
                "sha256:0f29d831e2151e0b7b39981756d201f7108d3d215896212ffe2e992d06bfe049",
                "sha256:12875d118f21cf35604176872447cdb57b07126750a33748bac15e77f90f1f9c",
                "sha256:14d4b1341ac07ae07eb2cc682f459bec932a380c3b122f5540432d8977e64eae",
                "sha256:1c3c33ac69cf059bbb9d1a71eeaba76781b450bc307e2291f8a4764d779a6b28",
                "sha256:1d19397351f73a88904ad1aee421e800fe4bbcd1aeee6435fb62d0a05ccd1030",
                "sha256:253e8a302a96df6927310a9d44e6103055e8fb96a6822f8b7f514bb7ef77de56",
                "sha256:2632d0f846b7c7600edf53c48f8f9f1e13e62f66a6dbc15191029d950bfed976",
                "sha256:335ace1a22325395c4ea88e00ba3dc89ca029bd66bd5a3c382d53e44f0ccd77e",
                "sha256:413ce0bbf9fc6278b2d63309dfeefe452835e1c78398efb431bab0672fe9274e",
                "sha256:5100b45a4638e3c00e4d2320d3193bdabb2d75e79793af7c3eb139e4f569f16f",
                "sha256:514ceac913076feefbeaf89771fd6febde78b0c4c1b23aaeab082c41c694e81b",
                "sha256:528a2a692c65dd5cafc130de286030af251d2ee0483a5bf50c9348aefe834e8a",
                "sha256:6295f6763749b89c994fcb6d8a7f7ce03c3992e695f89f00b741b4580b199b7e",
                "sha256:6c8bc8238a7dfdaf7a75f5ec5a663f4173f8c367e5a39f87e720495e1eed75fa",
                "sha256:718856856ba31f14f13ba885ff13874be7fefc53984d2832458f12c38205f7f7",
                "sha256:7f7609a718b177bf171ac93cea9fd2ddc0e03e84d8fa4e887bdfc39671d46b00",
                "sha256:80ca33961ced9c63358056bd08403ff866512038883e74f3a4bf88ad3eb66838",
                "sha256:80fe64a6deb6fcfdf7b8386f2cf216d329be6f2781f7d90304351811fb591360",
                "sha256:81c4b81611e3a3cb30e59b0cf05b888c675f97e3adb2c8672c3154047980726b",
                "sha256:855c583f268edde09474b081e3ddcd5cf3b20c12f26e0d434e1386cc5d318e7a",
                "sha256:9bfdb82cdfeccec50aad441afc332faf8606dfa5e8efd18a6692b5d6e79f00fd",
                "sha256:a5d24e1d674dd9d72c66ad3ea9131322819ff86250b30dc5821cbafcfa0b96b4",
                "sha256:a9f44cd7e162ac6191491d7249cceb02b8116b0f7e847ee33f739d7cb1ea1f70",
                "sha256:b5b3f092fe345c03bca1e0b687dfbb39364b21ebb8ba90e3fa707374b7915204",
                "sha256:b9618823bd237c0d2575283f2939655f54d51b4527ec3972907a927acbcc5bfc",
                "sha256:cef9c85ccbe9bee00909758936ea841ef12035296c748aaceee535969e27d31b",
                "sha256:d21237d0cd37acded35154e29aec853e945950321dd2ffd1a7d86fe686814669",
                "sha256:d3c5c79ab7dfce6d88f1ba639b77e77a17ea33a01b07b99840d6ed08031cb2a7",
                "sha256:d9d7942b624b04b895cb95af03a23407f17646815495ce4547f0e60e0b06f58e",
                "sha256:db6d9fac65bd08cea7f3540b899977c6dee9edad959fa4eaf305940d9cbd861c",
                "sha256:ede5af4a2702444a832a800b8eb7f0a7a1c0eed55b644642e049c98d589e5092",
                "sha256:effb7749713d5317478bb3acb3f81d9d7c7f86726d41c1facca068a04cf5bb4c",
                "sha256:f154d173286a5d1863637a7dcd8c3437bb557520b01bddb0be0258dcb72696b5",
                "sha256:f25ed6e28ddf50de7e7ea99d7a976d6a9c415f03adcaac9c41ff6ff41b6d86ac"
            ],
            "markers": "python_version >= '3.7'",
            "version": "==9.0.1"
        },
        "reportlab": {
            "hashes": [
                "sha256:02a67c8caaf669c63f0c410525137b162d2ade43b43e10bf1ac19b1919f6aa95",
                "sha256:03f2612f2213b78e31a2f1d580881eca89267874ae61e432a33f64df50f590a7",
                "sha256:05627acc324ce213c79fbbcc012d0a576bef8bc540fe0a875a6491c78612b6f4",
                "sha256:068000debb926a4dec6442de6e1fff831f5a6cecfe830d715926c82d8f4eeb0b",
                "sha256:088359b44b418be27b8fb38dd733ac6c3dd611fad10e6dbba3876027ef216e58",
                "sha256:0aabf425f215dc297052194166f951e940c077271d0133bfdd3a08bb56022d6c",
                "sha256:12d9582d9a6cd18bf3f61b355c13261baeb22bc0e994f385750eae9d89ce6846",
                "sha256:1aad24ddfdfcd89f2db7cd10298de55a6e3a6dfc482b2aabf98880986c550fcc",
                "sha256:1be429316812a4c3aacfbee0ef9a84def4a3a0cba37d6c9155563ff8a8a04c8b",
                "sha256:1c32ed1c42bbce03faa02e33d1949cc2ca5eda42c52267cacce28f69cb087663",
                "sha256:1c51729484e0e1784812746c84c8c97215b95b02ba75057bb5dbe4f206a93c64",
                "sha256:1cc100be35dba31ee6865de26d460ade8a4aef451b90c0ec2cc6b7cc5f293440",
                "sha256:244b17fc544d0cd41f61648b247fa2fa8c4e1d47602f5fd6ff4ddd7b29f35642",
                "sha256:25ca368637467d617cd73fd5e68b31f3ceed2db42a175b76951e32bc97345ed7",
                "sha256:31ebc2997c1e57df0cc6a55a83c63e629c8420482bf994e0665e289c4b603c63",
                "sha256:3842f9e815924f9880e4a127afd9b22607f701b352513880b9dd6bcf3a651bb4",
                "sha256:53ec9fbd6e0c5ac9ee3f349700af8f1bb886878c802086b4d9d0b981def239a9",
                "sha256:5da9b84b645e7e7b8f4a219e4d3b5bfce771d0e11f34f861bde4ef5c4b4fc4e6",
                "sha256:603e9980f99cdf1a3325a49c092ad0847e3fe032aa59d9f69421f81b4e2199de",
                "sha256:60bf28718e50f6d28b3e784c64b29bf73477773537ed7b4177aa90e4a54c2323",
                "sha256:6415f16e64c0179ecb2f6231e3433014c5c837ce589661aa8b954944764a8d31",
                "sha256:6566fa308633661ec9053ce4dcd145fb10b6f9cc0cf7aa2fee84e9e8f2c77d2d",
                "sha256:662ee549793e9b38ecb5dae2521352ff73f05c2816665327835a3a12abe36edc",
                "sha256:71617eac54a207ae24e6ac78feee02aca61d5954844ada786c186748c9517565",
                "sha256:76257019f254b655b95e88df7ebd1c39ac90543987e968f6e5bdf91797d012f3",
                "sha256:7c730dc5421b1b39cbaa39098ef9c7a79f216ab479718eb27bbd0fc3947ddea0",
                "sha256:9aa2a746bfbd7878af74d22ed3c2cfc7b920dedf47d943146a20a6e196ab4fcd",
                "sha256:9b2b28fe14de1124c310cc349dcb71bb3018ffa11d9eeb4ed7e8acd2570fb8b0",
                "sha256:a12dd3ddc2950adbe47d874fd0b675f67d724600eb96da8ab72dc37f9d4d71b2",
                "sha256:a8d071c30166deb03c4f99af1d8f48355f8acbe4d05b7b5c3a616a41b2bae3ad",
                "sha256:a9218f499ac42133090f16e33a622eff69248753b5c6738c0ee7b916fa084752",
                "sha256:b41ed7754de6d1702065c53e5e6f266571eca4139f875bc127849d9c8238a704",
                "sha256:b4efd9b1b9bcc95e41e80130be00e89b1ea56b816a362d5f2eb2f141df624ad9",
                "sha256:cd0f0cd614a6fdc3b5a76351e9462956fd4d9b62b0e3ca5e7767259768905818",
                "sha256:dc7657fcb0bc3e485c3c869a44dddb52d711356a01a456664b7bef827222c982",
                "sha256:fdfc56c20b77f0a8ddcdfd13e4dec916dc9c8f1dc59c27611fa7d69e2cfb9a4a"
            ],
            "markers": "python_version >= '3.6' and python_version < '4'",
            "version": "==3.6.8"
        },
        "sqlparse": {
            "hashes": [
                "sha256:0c00730c74263a94e5a9919ade150dfc3b19c574389985446148402998287dae",
                "sha256:48719e356bb8b42991bdbb1e8b83223757b93789c00910a616a071910ca4a64d"
            ],
            "markers": "python_version >= '3.5'",
            "version": "==0.4.2"
        },
        "svglib": {
            "hashes": [
                "sha256:c77a0702fafd367c0fdca08ca1b7e1ee10058bde3bae252f49a3836e51e54519"
            ],
            "index": "pypi",
            "version": "==1.2.1"
        },
        "tinycss2": {
            "hashes": [
                "sha256:b2e44dd8883c360c35dd0d1b5aad0b610e5156c2cb3b33434634e539ead9d8bf",
                "sha256:fe794ceaadfe3cf3e686b22155d0da5780dd0e273471a51846d0a02bc204fec8"
            ],
            "markers": "python_version >= '3.6'",
            "version": "==1.1.1"
        },
        "webencodings": {
            "hashes": [
                "sha256:a0af1213f3c2226497a97e2b3aa01a7e4bee4f403f95be16fc9acd2947514a78",
                "sha256:b36a1c245f2d304965eb4e0a82848379241dc04b865afcc4aab16748587e1923"
            ],
            "version": "==0.5.1"
        }
    },
    "develop": {
        "astroid": {
            "hashes": [
                "sha256:1efdf4e867d4d8ba4a9f6cf9ce07cd182c4c41de77f23814feb27ca93ca9d877",
                "sha256:506daabe5edffb7e696ad82483ad0228245a9742ed7d2d8c9cdb31537decf9f6"
            ],
            "markers": "python_full_version >= '3.6.2'",
            "version": "==2.9.3"
        },
        "attrs": {
            "hashes": [
                "sha256:2d27e3784d7a565d36ab851fe94887c5eccd6a463168875832a1be79c82828b4",
                "sha256:626ba8234211db98e869df76230a137c4c40a12d72445c45d5f5b716f076e2fd"
            ],
            "markers": "python_version >= '2.7' and python_version not in '3.0, 3.1, 3.2, 3.3, 3.4'",
            "version": "==21.4.0"
        },
        "black": {
            "hashes": [
                "sha256:77b80f693a569e2e527958459634f18df9b0ba2625ba4e0c2d5da5be42e6f2b3",
                "sha256:a615e69ae185e08fdd73e4715e260e2479c861b5740057fde6e8b4e3b7dd589f"
            ],
            "index": "pypi",
            "version": "==21.12b0"
        },
        "click": {
            "hashes": [
                "sha256:6a7a62563bbfabfda3a38f3023a1db4a35978c0abd76f6c9605ecd6554d6d9b1",
                "sha256:8458d7b1287c5fb128c90e23381cf99dcde74beaf6c7ff6384ce84d6fe090adb"
            ],
            "markers": "python_version >= '3.6'",
            "version": "==8.0.4"
        },
        "iniconfig": {
            "hashes": [
                "sha256:011e24c64b7f47f6ebd835bb12a743f2fbe9a26d4cecaa7f53bc4f35ee9da8b3",
                "sha256:bc3af051d7d14b2ee5ef9969666def0cd1a000e121eaea580d4a313df4b37f32"
            ],
            "version": "==1.1.1"
        },
        "isort": {
            "hashes": [
                "sha256:6f62d78e2f89b4500b080fe3a81690850cd254227f27f75c3a0c491a1f351ba7",
                "sha256:e8443a5e7a020e9d7f97f1d7d9cd17c88bcb3bc7e218bf9cf5095fe550be2951"
            ],
            "markers": "python_version < '4.0' and python_full_version >= '3.6.1'",
            "version": "==5.10.1"
        },
        "lazy-object-proxy": {
            "hashes": [
                "sha256:043651b6cb706eee4f91854da4a089816a6606c1428fd391573ef8cb642ae4f7",
                "sha256:07fa44286cda977bd4803b656ffc1c9b7e3bc7dff7d34263446aec8f8c96f88a",
                "sha256:12f3bb77efe1367b2515f8cb4790a11cffae889148ad33adad07b9b55e0ab22c",
                "sha256:2052837718516a94940867e16b1bb10edb069ab475c3ad84fd1e1a6dd2c0fcfc",
                "sha256:2130db8ed69a48a3440103d4a520b89d8a9405f1b06e2cc81640509e8bf6548f",
                "sha256:39b0e26725c5023757fc1ab2a89ef9d7ab23b84f9251e28f9cc114d5b59c1b09",
                "sha256:46ff647e76f106bb444b4533bb4153c7370cdf52efc62ccfc1a28bdb3cc95442",
                "sha256:4dca6244e4121c74cc20542c2ca39e5c4a5027c81d112bfb893cf0790f96f57e",
                "sha256:553b0f0d8dbf21890dd66edd771f9b1b5f51bd912fa5f26de4449bfc5af5e029",
                "sha256:677ea950bef409b47e51e733283544ac3d660b709cfce7b187f5ace137960d61",
                "sha256:6a24357267aa976abab660b1d47a34aaf07259a0c3859a34e536f1ee6e76b5bb",
                "sha256:6a6e94c7b02641d1311228a102607ecd576f70734dc3d5e22610111aeacba8a0",
                "sha256:6aff3fe5de0831867092e017cf67e2750c6a1c7d88d84d2481bd84a2e019ec35",
                "sha256:6ecbb350991d6434e1388bee761ece3260e5228952b1f0c46ffc800eb313ff42",
                "sha256:7096a5e0c1115ec82641afbdd70451a144558ea5cf564a896294e346eb611be1",
                "sha256:70ed0c2b380eb6248abdef3cd425fc52f0abd92d2b07ce26359fcbc399f636ad",
                "sha256:8561da8b3dd22d696244d6d0d5330618c993a215070f473b699e00cf1f3f6443",
                "sha256:85b232e791f2229a4f55840ed54706110c80c0a210d076eee093f2b2e33e1bfd",
                "sha256:898322f8d078f2654d275124a8dd19b079080ae977033b713f677afcfc88e2b9",
                "sha256:8f3953eb575b45480db6568306893f0bd9d8dfeeebd46812aa09ca9579595148",
                "sha256:91ba172fc5b03978764d1df5144b4ba4ab13290d7bab7a50f12d8117f8630c38",
                "sha256:9d166602b525bf54ac994cf833c385bfcc341b364e3ee71e3bf5a1336e677b55",
                "sha256:a57d51ed2997e97f3b8e3500c984db50a554bb5db56c50b5dab1b41339b37e36",
                "sha256:b9e89b87c707dd769c4ea91f7a31538888aad05c116a59820f28d59b3ebfe25a",
                "sha256:bb8c5fd1684d60a9902c60ebe276da1f2281a318ca16c1d0a96db28f62e9166b",
                "sha256:c19814163728941bb871240d45c4c30d33b8a2e85972c44d4e63dd7107faba44",
                "sha256:c4ce15276a1a14549d7e81c243b887293904ad2d94ad767f42df91e75fd7b5b6",
                "sha256:c7a683c37a8a24f6428c28c561c80d5f4fd316ddcf0c7cab999b15ab3f5c5c69",
                "sha256:d609c75b986def706743cdebe5e47553f4a5a1da9c5ff66d76013ef396b5a8a4",
                "sha256:d66906d5785da8e0be7360912e99c9188b70f52c422f9fc18223347235691a84",
                "sha256:dd7ed7429dbb6c494aa9bc4e09d94b778a3579be699f9d67da7e6804c422d3de",
                "sha256:df2631f9d67259dc9620d831384ed7732a198eb434eadf69aea95ad18c587a28",
                "sha256:e368b7f7eac182a59ff1f81d5f3802161932a41dc1b1cc45c1f757dc876b5d2c",
                "sha256:e40f2013d96d30217a51eeb1db28c9ac41e9d0ee915ef9d00da639c5b63f01a1",
                "sha256:f769457a639403073968d118bc70110e7dce294688009f5c24ab78800ae56dc8",
                "sha256:fccdf7c2c5821a8cbd0a9440a456f5050492f2270bd54e94360cac663398739b",
                "sha256:fd45683c3caddf83abbb1249b653a266e7069a09f486daa8863fb0e7496a9fdb"
            ],
            "markers": "python_version >= '3.6'",
            "version": "==1.7.1"
        },
        "mccabe": {
            "hashes": [
                "sha256:ab8a6258860da4b6677da4bd2fe5dc2c659cff31b3ee4f7f5d64e79735b80d42",
                "sha256:dd8d182285a0fe56bace7f45b5e7d1a6ebcbf524e8f3bd87eb0f125271b8831f"
            ],
            "version": "==0.6.1"
        },
        "mypy": {
            "hashes": [
                "sha256:0038b21890867793581e4cb0d810829f5fd4441aa75796b53033af3aa30430ce",
                "sha256:1171f2e0859cfff2d366da2c7092b06130f232c636a3f7301e3feb8b41f6377d",
                "sha256:1b06268df7eb53a8feea99cbfff77a6e2b205e70bf31743e786678ef87ee8069",
                "sha256:1b65714dc296a7991000b6ee59a35b3f550e0073411ac9d3202f6516621ba66c",
                "sha256:1bf752559797c897cdd2c65f7b60c2b6969ffe458417b8d947b8340cc9cec08d",
                "sha256:300717a07ad09525401a508ef5d105e6b56646f7942eb92715a1c8d610149714",
                "sha256:3c5b42d0815e15518b1f0990cff7a705805961613e701db60387e6fb663fe78a",
                "sha256:4365c60266b95a3f216a3047f1d8e3f895da6c7402e9e1ddfab96393122cc58d",
                "sha256:50c7346a46dc76a4ed88f3277d4959de8a2bd0a0fa47fa87a4cde36fe247ac05",
                "sha256:5b56154f8c09427bae082b32275a21f500b24d93c88d69a5e82f3978018a0266",
                "sha256:74f7eccbfd436abe9c352ad9fb65872cc0f1f0a868e9d9c44db0893440f0c697",
                "sha256:7b3f6f557ba4afc7f2ce6d3215d5db279bcf120b3cfd0add20a5d4f4abdae5bc",
                "sha256:8c11003aaeaf7cc2d0f1bc101c1cc9454ec4cc9cb825aef3cafff8a5fdf4c799",
                "sha256:8ca7f8c4b1584d63c9a0f827c37ba7a47226c19a23a753d52e5b5eddb201afcd",
                "sha256:c89702cac5b302f0c5d33b172d2b55b5df2bede3344a2fbed99ff96bddb2cf00",
                "sha256:d8f1ff62f7a879c9fe5917b3f9eb93a79b78aad47b533911b853a757223f72e7",
                "sha256:d9d2b84b2007cea426e327d2483238f040c49405a6bf4074f605f0156c91a47a",
                "sha256:e839191b8da5b4e5d805f940537efcaa13ea5dd98418f06dc585d2891d228cf0",
                "sha256:f9fe20d0872b26c4bba1c1be02c5340de1019530302cf2dcc85c7f9fc3252ae0",
                "sha256:ff3bf387c14c805ab1388185dd22d6b210824e164d4bb324b195ff34e322d166"
            ],
            "index": "pypi",
            "version": "==0.931"
        },
        "mypy-extensions": {
            "hashes": [
                "sha256:090fedd75945a69ae91ce1303b5824f428daf5a028d2f6ab8a299250a846f15d",
                "sha256:2d82818f5bb3e369420cb3c4060a7970edba416647068eb4c5343488a6c604a8"
            ],
            "version": "==0.4.3"
        },
        "packaging": {
            "hashes": [
                "sha256:dd47c42927d89ab911e606518907cc2d3a1f38bbd026385970643f9c5b8ecfeb",
                "sha256:ef103e05f519cdc783ae24ea4e2e0f508a9c99b2d4969652eed6a2e1ea5bd522"
            ],
            "markers": "python_version >= '3.6'",
            "version": "==21.3"
        },
        "pathspec": {
            "hashes": [
                "sha256:7d15c4ddb0b5c802d161efc417ec1a2558ea2653c2e8ad9c19098201dc1c993a",
                "sha256:e564499435a2673d586f6b2130bb5b95f04a3ba06f81b8f895b651a3c76aabb1"
            ],
            "version": "==0.9.0"
        },
        "platformdirs": {
            "hashes": [
                "sha256:7535e70dfa32e84d4b34996ea99c5e432fa29a708d0f4e394bbcb2a8faa4f16d",
                "sha256:bcae7cab893c2d310a711b70b24efb93334febe65f8de776ee320b517471e227"
            ],
            "markers": "python_version >= '3.7'",
            "version": "==2.5.1"
        },
        "pluggy": {
            "hashes": [
                "sha256:4224373bacce55f955a878bf9cfa763c1e360858e330072059e10bad68531159",
                "sha256:74134bbf457f031a36d68416e1509f34bd5ccc019f0bcc952c7b909d06b37bd3"
            ],
            "markers": "python_version >= '3.6'",
            "version": "==1.0.0"
        },
        "py": {
            "hashes": [
                "sha256:51c75c4126074b472f746a24399ad32f6053d1b34b68d2fa41e558e6f4a98719",
                "sha256:607c53218732647dff4acdfcd50cb62615cedf612e72d1724fb1a0cc6405b378"
            ],
            "markers": "python_version >= '2.7' and python_version not in '3.0, 3.1, 3.2, 3.3, 3.4'",
            "version": "==1.11.0"
        },
        "pylint": {
            "hashes": [
                "sha256:9d945a73640e1fec07ee34b42f5669b770c759acd536ec7b16d7e4b87a9c9ff9",
                "sha256:daabda3f7ed9d1c60f52d563b1b854632fd90035bcf01443e234d3dc794e3b74"
            ],
            "index": "pypi",
            "version": "==2.12.2"
        },
        "pylint-django": {
            "hashes": [
                "sha256:1933d82b4a92538a3b12aef91adfd7d866befd051d7a02d6245b0f965587d97c",
                "sha256:286dce8a31bc8ed5a523e8d8742b5a0e083b87f5f140ea4cde9aad612c03bd2d"
            ],
            "index": "pypi",
            "version": "==2.5.2"
        },
        "pylint-plugin-utils": {
            "hashes": [
                "sha256:b3d43e85ab74c4f48bb46ae4ce771e39c3a20f8b3d56982ab17aa73b4f98d535",
                "sha256:ce48bc0516ae9415dd5c752c940dfe601b18fe0f48aa249f2386adfa95a004dd"
            ],
            "markers": "python_full_version >= '3.6.2'",
            "version": "==0.7"
        },
        "pylint-pytest": {
            "hashes": [
                "sha256:fb20ef318081cee3d5febc631a7b9c40fa356b05e4f769d6e60a337e58c8879b"
            ],
            "index": "pypi",
            "version": "==1.1.2"
        },
        "pyparsing": {
            "hashes": [
                "sha256:18ee9022775d270c55187733956460083db60b37d0d0fb357445f3094eed3eea",
                "sha256:a6c06a88f252e6c322f65faf8f418b16213b51bdfaece0524c1c1bc30c63c484"
            ],
            "markers": "python_version >= '3.6'",
            "version": "==3.0.7"
        },
        "pytest": {
            "hashes": [
                "sha256:9ce3ff477af913ecf6321fe337b93a2c0dcf2a0a1439c43f5452112c1e4280db",
                "sha256:e30905a0c131d3d94b89624a1cc5afec3e0ba2fbdb151867d8e0ebd49850f171"
            ],
            "index": "pypi",
            "version": "==7.0.1"
        },
        "pytest-django": {
            "hashes": [
                "sha256:c60834861933773109334fe5a53e83d1ef4828f2203a1d6a0fa9972f4f75ab3e",
                "sha256:d9076f759bb7c36939dbdd5ae6633c18edfc2902d1a69fdbefd2426b970ce6c2"
            ],
            "index": "pypi",
            "version": "==4.5.2"
        },
        "toml": {
            "hashes": [
                "sha256:806143ae5bfb6a3c6e736a764057db0e6a0e05e338b5630894a5f779cabb4f9b",
                "sha256:b3bda1d108d5dd99f4a20d24d9c348e91c4db7ab1b749200bded2f839ccbe68f"
            ],
            "markers": "python_version >= '2.6' and python_version not in '3.0, 3.1, 3.2, 3.3'",
            "version": "==0.10.2"
        },
        "tomli": {
            "hashes": [
                "sha256:05b6166bff487dc068d322585c7ea4ef78deed501cc124060e0f238e89a9231f",
                "sha256:e3069e4be3ead9668e21cb9b074cd948f7b3113fd9c8bba083f48247aab8b11c"
            ],
            "markers": "python_version >= '3.6'",
            "version": "==1.2.3"
        },
        "typing-extensions": {
            "hashes": [
                "sha256:1a9462dcc3347a79b1f1c0271fbe79e844580bb598bafa1ed208b94da3cdcd42",
                "sha256:21c85e0fe4b9a155d0799430b0ad741cdce7e359660ccbd8b530613e8df88ce2"
            ],
            "markers": "python_version < '3.10'",
            "version": "==4.1.1"
        },
        "wrapt": {
            "hashes": [
                "sha256:086218a72ec7d986a3eddb7707c8c4526d677c7b35e355875a0fe2918b059179",
                "sha256:0877fe981fd76b183711d767500e6b3111378ed2043c145e21816ee589d91096",
                "sha256:0a017a667d1f7411816e4bf214646d0ad5b1da2c1ea13dec6c162736ff25a374",
                "sha256:0cb23d36ed03bf46b894cfec777eec754146d68429c30431c99ef28482b5c1df",
                "sha256:1fea9cd438686e6682271d36f3481a9f3636195578bab9ca3382e2f5f01fc185",
                "sha256:220a869982ea9023e163ba915077816ca439489de6d2c09089b219f4e11b6785",
                "sha256:25b1b1d5df495d82be1c9d2fad408f7ce5ca8a38085e2da41bb63c914baadff7",
                "sha256:2dded5496e8f1592ec27079b28b6ad2a1ef0b9296d270f77b8e4a3a796cf6909",
                "sha256:2ebdde19cd3c8cdf8df3fc165bc7827334bc4e353465048b36f7deeae8ee0918",
                "sha256:43e69ffe47e3609a6aec0fe723001c60c65305784d964f5007d5b4fb1bc6bf33",
                "sha256:46f7f3af321a573fc0c3586612db4decb7eb37172af1bc6173d81f5b66c2e068",
                "sha256:47f0a183743e7f71f29e4e21574ad3fa95676136f45b91afcf83f6a050914829",
                "sha256:498e6217523111d07cd67e87a791f5e9ee769f9241fcf8a379696e25806965af",
                "sha256:4b9c458732450ec42578b5642ac53e312092acf8c0bfce140ada5ca1ac556f79",
                "sha256:51799ca950cfee9396a87f4a1240622ac38973b6df5ef7a41e7f0b98797099ce",
                "sha256:5601f44a0f38fed36cc07db004f0eedeaadbdcec90e4e90509480e7e6060a5bc",
                "sha256:5f223101f21cfd41deec8ce3889dc59f88a59b409db028c469c9b20cfeefbe36",
                "sha256:610f5f83dd1e0ad40254c306f4764fcdc846641f120c3cf424ff57a19d5f7ade",
                "sha256:6a03d9917aee887690aa3f1747ce634e610f6db6f6b332b35c2dd89412912bca",
                "sha256:705e2af1f7be4707e49ced9153f8d72131090e52be9278b5dbb1498c749a1e32",
                "sha256:766b32c762e07e26f50d8a3468e3b4228b3736c805018e4b0ec8cc01ecd88125",
                "sha256:77416e6b17926d953b5c666a3cb718d5945df63ecf922af0ee576206d7033b5e",
                "sha256:778fd096ee96890c10ce96187c76b3e99b2da44e08c9e24d5652f356873f6709",
                "sha256:78dea98c81915bbf510eb6a3c9c24915e4660302937b9ae05a0947164248020f",
                "sha256:7dd215e4e8514004c8d810a73e342c536547038fb130205ec4bba9f5de35d45b",
                "sha256:7dde79d007cd6dfa65afe404766057c2409316135cb892be4b1c768e3f3a11cb",
                "sha256:81bd7c90d28a4b2e1df135bfbd7c23aee3050078ca6441bead44c42483f9ebfb",
                "sha256:85148f4225287b6a0665eef08a178c15097366d46b210574a658c1ff5b377489",
                "sha256:865c0b50003616f05858b22174c40ffc27a38e67359fa1495605f96125f76640",
                "sha256:87883690cae293541e08ba2da22cacaae0a092e0ed56bbba8d018cc486fbafbb",
                "sha256:8aab36778fa9bba1a8f06a4919556f9f8c7b33102bd71b3ab307bb3fecb21851",
                "sha256:8c73c1a2ec7c98d7eaded149f6d225a692caa1bd7b2401a14125446e9e90410d",
                "sha256:936503cb0a6ed28dbfa87e8fcd0a56458822144e9d11a49ccee6d9a8adb2ac44",
                "sha256:944b180f61f5e36c0634d3202ba8509b986b5fbaf57db3e94df11abee244ba13",
                "sha256:96b81ae75591a795d8c90edc0bfaab44d3d41ffc1aae4d994c5aa21d9b8e19a2",
                "sha256:981da26722bebb9247a0601e2922cedf8bb7a600e89c852d063313102de6f2cb",
                "sha256:ae9de71eb60940e58207f8e71fe113c639da42adb02fb2bcbcaccc1ccecd092b",
                "sha256:b73d4b78807bd299b38e4598b8e7bd34ed55d480160d2e7fdaabd9931afa65f9",
                "sha256:d4a5f6146cfa5c7ba0134249665acd322a70d1ea61732723c7d3e8cc0fa80755",
                "sha256:dd91006848eb55af2159375134d724032a2d1d13bcc6f81cd8d3ed9f2b8e846c",
                "sha256:e05e60ff3b2b0342153be4d1b597bbcfd8330890056b9619f4ad6b8d5c96a81a",
                "sha256:e6906d6f48437dfd80464f7d7af1740eadc572b9f7a4301e7dd3d65db285cacf",
                "sha256:e92d0d4fa68ea0c02d39f1e2f9cb5bc4b4a71e8c442207433d8db47ee79d7aa3",
                "sha256:e94b7d9deaa4cc7bac9198a58a7240aaf87fe56c6277ee25fa5b3aa1edebd229",
                "sha256:ea3e746e29d4000cd98d572f3ee2a6050a4f784bb536f4ac1f035987fc1ed83e",
                "sha256:ec7e20258ecc5174029a0f391e1b948bf2906cd64c198a9b8b281b811cbc04de",
                "sha256:ec9465dd69d5657b5d2fa6133b3e1e989ae27d29471a672416fd729b429eb554",
                "sha256:f122ccd12fdc69628786d0c947bdd9cb2733be8f800d88b5a37c57f1f1d73c10",
                "sha256:f99c0489258086308aad4ae57da9e8ecf9e1f3f30fa35d5e170b4d4896554d80",
                "sha256:f9c51d9af9abb899bd34ace878fbec8bf357b3194a10c4e8e0a25512826ef056",
                "sha256:fd76c47f20984b43d93de9a82011bb6e5f8325df6c9ed4d8310029a55fa361ea"
            ],
            "markers": "python_version >= '2.7' and python_version not in '3.0, 3.1, 3.2, 3.3, 3.4'",
            "version": "==1.13.3"
        }
    }
}
